
Microsoft Visual Studio Solution File, Format Version 12.00
# Visual Studio 2013
VisualStudioVersion = 12.0.31101.0
MinimumVisualStudioVersion = 10.0.40219.1
Project("{FAE04EC0-301F-11D3-BF4B-00C04F79EFBC}") = "BLL.Service", "BLL.Service\BLL.Service.csproj", "{F4050015-46BD-49CC-ADE0-E4734C2D08C6}"
EndProject
Project("{FAE04EC0-301F-11D3-BF4B-00C04F79EFBC}") = "DAL.Entity", "DAL.Entity\DAL.Entity.csproj", "{6EE994FB-254C-4398-B42A-34DCB817A953}"
EndProject
Project("{FAE04EC0-301F-11D3-BF4B-00C04F79EFBC}") = "DAL.Data", "DAL.Data\DAL.Data.csproj", "{E50279F2-C65C-47A7-81B9-9BE8495E75F1}"
EndProject
Project("{FAE04EC0-301F-11D3-BF4B-00C04F79EFBC}") = "DAL.Repository", "DAL.Repository\DAL.Repository.csproj", "{06E90760-EF92-4009-BC24-7E7FC983B00D}"
EndProject
Project("{FAE04EC0-301F-11D3-BF4B-00C04F79EFBC}") = "PL.WebAPI", "PL.WebAPI\PL.WebAPI.csproj", "{1BC24FC6-1180-49BE-BE19-DEBE809DEBE0}"
EndProject
Global
	
	GlobalSection(SolutionConfigurationPlatforms) = preSolution
		Debug|Any CPU = Debug|Any CPU
		Release|Any CPU = Release|Any CPU
	EndGlobalSection
	GlobalSection(ProjectConfigurationPlatforms) = postSolution
		{F4050015-46BD-49CC-ADE0-E4734C2D08C6}.Debug|Any CPU.ActiveCfg = Debug|Any CPU
		{F4050015-46BD-49CC-ADE0-E4734C2D08C6}.Debug|Any CPU.Build.0 = Debug|Any CPU
		{F4050015-46BD-49CC-ADE0-E4734C2D08C6}.Release|Any CPU.ActiveCfg = Release|Any CPU
		{F4050015-46BD-49CC-ADE0-E4734C2D08C6}.Release|Any CPU.Build.0 = Release|Any CPU
		{6EE994FB-254C-4398-B42A-34DCB817A953}.Debug|Any CPU.ActiveCfg = Debug|Any CPU
		{6EE994FB-254C-4398-B42A-34DCB817A953}.Debug|Any CPU.Build.0 = Debug|Any CPU
		{6EE994FB-254C-4398-B42A-34DCB817A953}.Release|Any CPU.ActiveCfg = Release|Any CPU
		{6EE994FB-254C-4398-B42A-34DCB817A953}.Release|Any CPU.Build.0 = Release|Any CPU
		{E50279F2-C65C-47A7-81B9-9BE8495E75F1}.Debug|Any CPU.ActiveCfg = Debug|Any CPU
		{E50279F2-C65C-47A7-81B9-9BE8495E75F1}.Debug|Any CPU.Build.0 = Debug|Any CPU
		{E50279F2-C65C-47A7-81B9-9BE8495E75F1}.Release|Any CPU.ActiveCfg = Release|Any CPU
		{E50279F2-C65C-47A7-81B9-9BE8495E75F1}.Release|Any CPU.Build.0 = Release|Any CPU
		{06E90760-EF92-4009-BC24-7E7FC983B00D}.Debug|Any CPU.ActiveCfg = Debug|Any CPU
		{06E90760-EF92-4009-BC24-7E7FC983B00D}.Debug|Any CPU.Build.0 = Debug|Any CPU
		{06E90760-EF92-4009-BC24-7E7FC983B00D}.Release|Any CPU.ActiveCfg = Release|Any CPU
		{06E90760-EF92-4009-BC24-7E7FC983B00D}.Release|Any CPU.Build.0 = Release|Any CPU
		{1BC24FC6-1180-49BE-BE19-DEBE809DEBE0}.Debug|Any CPU.ActiveCfg = Debug|Any CPU
		{1BC24FC6-1180-49BE-BE19-DEBE809DEBE0}.Debug|Any CPU.Build.0 = Debug|Any CPU
		{1BC24FC6-1180-49BE-BE19-DEBE809DEBE0}.Release|Any CPU.ActiveCfg = Release|Any CPU
		{1BC24FC6-1180-49BE-BE19-DEBE809DEBE0}.Release|Any CPU.Build.0 = Release|Any CPU
	EndGlobalSection
	GlobalSection(SolutionProperties) = preSolution
		HideSolutionNode = FALSE
	EndGlobalSection
EndGlobal
